
Microsoft Visual Studio Solution File, Format Version 12.00
# Visual Studio 15
VisualStudioVersion = 15.0.27703.2035
MinimumVisualStudioVersion = 10.0.40219.1
Project("{FAE04EC0-301F-11D3-BF4B-00C04F79EFBC}") = "Months of the year", "Months of the year\Months of the year.csproj", "{64F9780B-2D88-4837-BE33-C5D0752ED359}"
EndProject
Global
	GlobalSection(SolutionConfigurationPlatforms) = preSolution
		Debug|Any CPU = Debug|Any CPU
		Release|Any CPU = Release|Any CPU
	EndGlobalSection
	GlobalSection(ProjectConfigurationPlatforms) = postSolution
		{64F9780B-2D88-4837-BE33-C5D0752ED359}.Debug|Any CPU.ActiveCfg = Debug|Any CPU
		{64F9780B-2D88-4837-BE33-C5D0752ED359}.Debug|Any CPU.Build.0 = Debug|Any CPU
		{64F9780B-2D88-4837-BE33-C5D0752ED359}.Release|Any CPU.ActiveCfg = Release|Any CPU
		{64F9780B-2D88-4837-BE33-C5D0752ED359}.Release|Any CPU.Build.0 = Release|Any CPU
	EndGlobalSection
	GlobalSection(SolutionProperties) = preSolution
		HideSolutionNode = FALSE
	EndGlobalSection
	GlobalSection(ExtensibilityGlobals) = postSolution
		SolutionGuid = {48EB6A21-8DAA-43B9-B111-37CA58051925}
	EndGlobalSection
EndGlobal
